{
  "originHash" : "fdae4ca77d0264d961151fb083df8bf2ddf88805760db6be46235585bfdcf2e4",
  "pins" : [
    {
      "identity" : "sfuserfriendlysymbols",
      "kind" : "remoteSourceControl",
      "location" : "https://github.com/littleossa/SFUserFriendlySymbols",
      "state" : {
        "revision" : "9d003e1c818de1dbe34a36b197ce11d9524a54d9",
        "version" : "0.4.0"
      }
    },
    {
      "identity" : "swift-async-algorithms",
      "kind" : "remoteSourceControl",
      "location" : "https://github.com/apple/swift-async-algorithms/",
      "state" : {
        "revision" : "cca423ff03ab657062f3781847e65a867b51bb01",
        "version" : "0.0.3"
      }
    }
  ],
  "version" : 3
}
